// !$*UTF8*$!
{
	archiveVersion = 1;
	classes = {
	};
	objectVersion = 46;
	objects = {

/* Begin PBXBuildFile section */
		1CBE395F158A61BE006EAFB8 /* UIKit.framework in Frameworks */ = {isa = PBXBuildFile; fileRef = 1CBE395E158A61BE006EAFB8 /* UIKit.framework */; };
		1CBE3961158A61BE006EAFB8 /* Foundation.framework in Frameworks */ = {isa = PBXBuildFile; fileRef = 1CBE3960158A61BE006EAFB8 /* Foundation.framework */; };
		1CBE3963158A61BE006EAFB8 /* CoreGraphics.framework in Frameworks */ = {isa = PBXBuildFile; fileRef = 1CBE3962158A61BE006EAFB8 /* CoreGraphics.framework */; };
		1CBE3969158A61BE006EAFB8 /* InfoPlist.strings in Resources */ = {isa = PBXBuildFile; fileRef = 1CBE3967158A61BE006EAFB8 /* InfoPlist.strings */; };
		1CBE396B158A61BE006EAFB8 /* main.m in Sources */ = {isa = PBXBuildFile; fileRef = 1CBE396A158A61BE006EAFB8 /* main.m */; };
		1CBE396F158A61BE006EAFB8 /* AppDelegate.m in Sources */ = {isa = PBXBuildFile; fileRef = 1CBE396E158A61BE006EAFB8 /* AppDelegate.m */; };
		1CBE3977158A61BE006EAFB8 /* SenTestingKit.framework in Frameworks */ = {isa = PBXBuildFile; fileRef = 1CBE3976158A61BE006EAFB8 /* SenTestingKit.framework */; };
		1CBE3978158A61BE006EAFB8 /* UIKit.framework in Frameworks */ = {isa = PBXBuildFile; fileRef = 1CBE395E158A61BE006EAFB8 /* UIKit.framework */; };
		1CBE3979158A61BE006EAFB8 /* Foundation.framework in Frameworks */ = {isa = PBXBuildFile; fileRef = 1CBE3960158A61BE006EAFB8 /* Foundation.framework */; };
		1CBE3981158A61BE006EAFB8 /* InfoPlist.strings in Resources */ = {isa = PBXBuildFile; fileRef = 1CBE397F158A61BE006EAFB8 /* InfoPlist.strings */; };
		1CBE3984158A61BE006EAFB8 /* ProgrammerPointsTests.m in Sources */ = {isa = PBXBuildFile; fileRef = 1CBE3983158A61BE006EAFB8 /* ProgrammerPointsTests.m */; };
		1CBE3992158A66CE006EAFB8 /* MainStoryboard.storyboard in Resources */ = {isa = PBXBuildFile; fileRef = 1CBE3991158A66CE006EAFB8 /* MainStoryboard.storyboard */; };
		1CBE39AB158A7868006EAFB8 /* PPService.m in Sources */ = {isa = PBXBuildFile; fileRef = 1CBE39AA158A7868006EAFB8 /* PPService.m */; };
		1CBE39AE158A78A1006EAFB8 /* PPCollection.m in Sources */ = {isa = PBXBuildFile; fileRef = 1CBE39AD158A78A1006EAFB8 /* PPCollection.m */; };
		1CBE39B1158A78AC006EAFB8 /* PPPoint.m in Sources */ = {isa = PBXBuildFile; fileRef = 1CBE39B0158A78AC006EAFB8 /* PPPoint.m */; };
		1CBE39B4158A78D0006EAFB8 /* PPIdiot.m in Sources */ = {isa = PBXBuildFile; fileRef = 1CBE39B3158A78D0006EAFB8 /* PPIdiot.m */; };
		1CC415FE158B83FB00ED1A93 /* bg.png in Resources */ = {isa = PBXBuildFile; fileRef = 1CC415F8158B83FB00ED1A93 /* bg.png */; };
		1CC415FF158B83FB00ED1A93 /* dot.png in Resources */ = {isa = PBXBuildFile; fileRef = 1CC415F9158B83FB00ED1A93 /* dot.png */; };
		1CC41600158B83FB00ED1A93 /* leaderboard.png in Resources */ = {isa = PBXBuildFile; fileRef = 1CC415FA158B83FB00ED1A93 /* leaderboard.png */; };
		1CC41601158B83FB00ED1A93 /* less.png in Resources */ = {isa = PBXBuildFile; fileRef = 1CC415FB158B83FB00ED1A93 /* less.png */; };
		1CC41602158B83FB00ED1A93 /* more.png in Resources */ = {isa = PBXBuildFile; fileRef = 1CC415FC158B83FB00ED1A93 /* more.png */; };
		1CC41603158B83FB00ED1A93 /* tri.png in Resources */ = {isa = PBXBuildFile; fileRef = 1CC415FD158B83FB00ED1A93 /* tri.png */; };
		1CC41608158B865000ED1A93 /* Gotham-Bold.otf in Resources */ = {isa = PBXBuildFile; fileRef = 1CC41606158B865000ED1A93 /* Gotham-Bold.otf */; };
		1CC41609158B865000ED1A93 /* Gotham-Medium.otf in Resources */ = {isa = PBXBuildFile; fileRef = 1CC41607158B865000ED1A93 /* Gotham-Medium.otf */; };
/* End PBXBuildFile section */

/* Begin PBXContainerItemProxy section */
		1CBE397A158A61BE006EAFB8 /* PBXContainerItemProxy */ = {
			isa = PBXContainerItemProxy;
			containerPortal = 1CBE3951158A61BE006EAFB8 /* Project object */;
			proxyType = 1;
			remoteGlobalIDString = 1CBE3959158A61BE006EAFB8;
			remoteInfo = ProgrammerPoints;
		};
/* End PBXContainerItemProxy section */

/* Begin PBXFileReference section */
		1CBE395A158A61BE006EAFB8 /* ProgrammerPoints.app */ = {isa = PBXFileReference; explicitFileType = wrapper.application; includeInIndex = 0; path = ProgrammerPoints.app; sourceTree = BUILT_PRODUCTS_DIR; };
		1CBE395E158A61BE006EAFB8 /* UIKit.framework */ = {isa = PBXFileReference; lastKnownFileType = wrapper.framework; name = UIKit.framework; path = System/Library/Frameworks/UIKit.framework; sourceTree = SDKROOT; };
		1CBE3960158A61BE006EAFB8 /* Foundation.framework */ = {isa = PBXFileReference; lastKnownFileType = wrapper.framework; name = Foundation.framework; path = System/Library/Frameworks/Foundation.framework; sourceTree = SDKROOT; };
		1CBE3962158A61BE006EAFB8 /* CoreGraphics.framework */ = {isa = PBXFileReference; lastKnownFileType = wrapper.framework; name = CoreGraphics.framework; path = System/Library/Frameworks/CoreGraphics.framework; sourceTree = SDKROOT; };
		1CBE3966158A61BE006EAFB8 /* ProgrammerPoints-Info.plist */ = {isa = PBXFileReference; lastKnownFileType = text.plist.xml; path = "ProgrammerPoints-Info.plist"; sourceTree = "<group>"; };
		1CBE3968158A61BE006EAFB8 /* en */ = {isa = PBXFileReference; lastKnownFileType = text.plist.strings; name = en; path = en.lproj/InfoPlist.strings; sourceTree = "<group>"; };
		1CBE396A158A61BE006EAFB8 /* main.m */ = {isa = PBXFileReference; lastKnownFileType = sourcecode.c.objc; path = main.m; sourceTree = "<group>"; };
		1CBE396C158A61BE006EAFB8 /* ProgrammerPoints-Prefix.pch */ = {isa = PBXFileReference; lastKnownFileType = sourcecode.c.h; path = "ProgrammerPoints-Prefix.pch"; sourceTree = "<group>"; };
		1CBE396D158A61BE006EAFB8 /* AppDelegate.h */ = {isa = PBXFileReference; lastKnownFileType = sourcecode.c.h; path = AppDelegate.h; sourceTree = "<group>"; };
		1CBE396E158A61BE006EAFB8 /* AppDelegate.m */ = {isa = PBXFileReference; lastKnownFileType = sourcecode.c.objc; path = AppDelegate.m; sourceTree = "<group>"; };
		1CBE3975158A61BE006EAFB8 /* ProgrammerPointsTests.octest */ = {isa = PBXFileReference; explicitFileType = wrapper.cfbundle; includeInIndex = 0; path = ProgrammerPointsTests.octest; sourceTree = BUILT_PRODUCTS_DIR; };
		1CBE3976158A61BE006EAFB8 /* SenTestingKit.framework */ = {isa = PBXFileReference; lastKnownFileType = wrapper.framework; name = SenTestingKit.framework; path = Library/Frameworks/SenTestingKit.framework; sourceTree = DEVELOPER_DIR; };
		1CBE397E158A61BE006EAFB8 /* ProgrammerPointsTests-Info.plist */ = {isa = PBXFileReference; lastKnownFileType = text.plist.xml; path = "ProgrammerPointsTests-Info.plist"; sourceTree = "<group>"; };
		1CBE3980158A61BE006EAFB8 /* en */ = {isa = PBXFileReference; lastKnownFileType = text.plist.strings; name = en; path = en.lproj/InfoPlist.strings; sourceTree = "<group>"; };
		1CBE3982158A61BE006EAFB8 /* ProgrammerPointsTests.h */ = {isa = PBXFileReference; lastKnownFileType = sourcecode.c.h; path = ProgrammerPointsTests.h; sourceTree = "<group>"; };
		1CBE3983158A61BE006EAFB8 /* ProgrammerPointsTests.m */ = {isa = PBXFileReference; lastKnownFileType = sourcecode.c.objc; path = ProgrammerPointsTests.m; sourceTree = "<group>"; };
		1CBE3991158A66CE006EAFB8 /* MainStoryboard.storyboard */ = {isa = PBXFileReference; fileEncoding = 4; lastKnownFileType = file.storyboard; path = MainStoryboard.storyboard; sourceTree = "<group>"; };
		1CBE39A9158A7868006EAFB8 /* PPService.h */ = {isa = PBXFileReference; fileEncoding = 4; lastKnownFileType = sourcecode.c.h; path = PPService.h; sourceTree = "<group>"; };
		1CBE39AA158A7868006EAFB8 /* PPService.m */ = {isa = PBXFileReference; fileEncoding = 4; lastKnownFileType = sourcecode.c.objc; path = PPService.m; sourceTree = "<group>"; };
		1CBE39AC158A78A1006EAFB8 /* PPCollection.h */ = {isa = PBXFileReference; fileEncoding = 4; lastKnownFileType = sourcecode.c.h; path = PPCollection.h; sourceTree = "<group>"; };
		1CBE39AD158A78A1006EAFB8 /* PPCollection.m */ = {isa = PBXFileReference; fileEncoding = 4; lastKnownFileType = sourcecode.c.objc; path = PPCollection.m; sourceTree = "<group>"; };
		1CBE39AF158A78AC006EAFB8 /* PPPoint.h */ = {isa = PBXFileReference; fileEncoding = 4; lastKnownFileType = sourcecode.c.h; path = PPPoint.h; sourceTree = "<group>"; };
		1CBE39B0158A78AC006EAFB8 /* PPPoint.m */ = {isa = PBXFileReference; fileEncoding = 4; lastKnownFileType = sourcecode.c.objc; path = PPPoint.m; sourceTree = "<group>"; };
		1CBE39B2158A78D0006EAFB8 /* PPIdiot.h */ = {isa = PBXFileReference; fileEncoding = 4; lastKnownFileType = sourcecode.c.h; path = PPIdiot.h; sourceTree = "<group>"; };
		1CBE39B3158A78D0006EAFB8 /* PPIdiot.m */ = {isa = PBXFileReference; fileEncoding = 4; lastKnownFileType = sourcecode.c.objc; path = PPIdiot.m; sourceTree = "<group>"; };
		1CBE39B5158A79B7006EAFB8 /* PPRequesting.h */ = {isa = PBXFileReference; fileEncoding = 4; lastKnownFileType = sourcecode.c.h; path = PPRequesting.h; sourceTree = "<group>"; };
		1CC415F8158B83FB00ED1A93 /* bg.png */ = {isa = PBXFileReference; lastKnownFileType = image.png; path = bg.png; sourceTree = "<group>"; };
		1CC415F9158B83FB00ED1A93 /* dot.png */ = {isa = PBXFileReference; lastKnownFileType = image.png; path = dot.png; sourceTree = "<group>"; };
		1CC415FA158B83FB00ED1A93 /* leaderboard.png */ = {isa = PBXFileReference; lastKnownFileType = image.png; path = leaderboard.png; sourceTree = "<group>"; };
		1CC415FB158B83FB00ED1A93 /* less.png */ = {isa = PBXFileReference; lastKnownFileType = image.png; path = less.png; sourceTree = "<group>"; };
		1CC415FC158B83FB00ED1A93 /* more.png */ = {isa = PBXFileReference; lastKnownFileType = image.png; path = more.png; sourceTree = "<group>"; };
		1CC415FD158B83FB00ED1A93 /* tri.png */ = {isa = PBXFileReference; lastKnownFileType = image.png; path = tri.png; sourceTree = "<group>"; };
		1CC41606158B865000ED1A93 /* Gotham-Bold.otf */ = {isa = PBXFileReference; lastKnownFileType = file; path = "Gotham-Bold.otf"; sourceTree = "<group>"; };
		1CC41607158B865000ED1A93 /* Gotham-Medium.otf */ = {isa = PBXFileReference; lastKnownFileType = file; path = "Gotham-Medium.otf"; sourceTree = "<group>"; };
		EF25BCB1158BB3960037E886 /* PPReceiving.h */ = {isa = PBXFileReference; fileEncoding = 4; lastKnownFileType = sourcecode.c.h; path = PPReceiving.h; sourceTree = "<group>"; };
/* End PBXFileReference section */

/* Begin PBXFrameworksBuildPhase section */
		1CBE3957158A61BE006EAFB8 /* Frameworks */ = {
			isa = PBXFrameworksBuildPhase;
			buildActionMask = 2147483647;
			files = (
				1CBE395F158A61BE006EAFB8 /* UIKit.framework in Frameworks */,
				1CBE3961158A61BE006EAFB8 /* Foundation.framework in Frameworks */,
				1CBE3963158A61BE006EAFB8 /* CoreGraphics.framework in Frameworks */,
			);
			runOnlyForDeploymentPostprocessing = 0;
		};
		1CBE3971158A61BE006EAFB8 /* Frameworks */ = {
			isa = PBXFrameworksBuildPhase;
			buildActionMask = 2147483647;
			files = (
				1CBE3977158A61BE006EAFB8 /* SenTestingKit.framework in Frameworks */,
				1CBE3978158A61BE006EAFB8 /* UIKit.framework in Frameworks */,
				1CBE3979158A61BE006EAFB8 /* Foundation.framework in Frameworks */,
			);
			runOnlyForDeploymentPostprocessing = 0;
		};
/* End PBXFrameworksBuildPhase section */

/* Begin PBXGroup section */
		1CBE394F158A61BE006EAFB8 = {
			isa = PBXGroup;
			children = (
				1CBE3964158A61BE006EAFB8 /* ProgrammerPoints */,
				1CBE397C158A61BE006EAFB8 /* ProgrammerPointsTests */,
				1CBE395D158A61BE006EAFB8 /* Frameworks */,
				1CBE395B158A61BE006EAFB8 /* Products */,
			);
			sourceTree = "<group>";
		};
		1CBE395B158A61BE006EAFB8 /* Products */ = {
			isa = PBXGroup;
			children = (
				1CBE395A158A61BE006EAFB8 /* ProgrammerPoints.app */,
				1CBE3975158A61BE006EAFB8 /* ProgrammerPointsTests.octest */,
			);
			name = Products;
			sourceTree = "<group>";
		};
		1CBE395D158A61BE006EAFB8 /* Frameworks */ = {
			isa = PBXGroup;
			children = (
				1CBE395E158A61BE006EAFB8 /* UIKit.framework */,
				1CBE3960158A61BE006EAFB8 /* Foundation.framework */,
				1CBE3962158A61BE006EAFB8 /* CoreGraphics.framework */,
				1CBE3976158A61BE006EAFB8 /* SenTestingKit.framework */,
			);
			name = Frameworks;
			sourceTree = "<group>";
		};
		1CBE3964158A61BE006EAFB8 /* ProgrammerPoints */ = {
			isa = PBXGroup;
			children = (
				1CBE399C158A73E2006EAFB8 /* Concrete */,
				1CBE399B158A73CB006EAFB8 /* Abstract */,
				1CBE3998158A6E1B006EAFB8 /* Entities */,
				1CBE396D158A61BE006EAFB8 /* AppDelegate.h */,
				1CBE396E158A61BE006EAFB8 /* AppDelegate.m */,
				1CBE3991158A66CE006EAFB8 /* MainStoryboard.storyboard */,
				1CC41605158B865000ED1A93 /* Fonts */,
				1CC415F7158B83FB00ED1A93 /* Images */,
				1CBE3965158A61BE006EAFB8 /* Supporting Files */,
			);
			path = ProgrammerPoints;
			sourceTree = "<group>";
		};
		1CBE3965158A61BE006EAFB8 /* Supporting Files */ = {
			isa = PBXGroup;
			children = (
				1CBE3966158A61BE006EAFB8 /* ProgrammerPoints-Info.plist */,
				1CBE3967158A61BE006EAFB8 /* InfoPlist.strings */,
				1CBE396A158A61BE006EAFB8 /* main.m */,
				1CBE396C158A61BE006EAFB8 /* ProgrammerPoints-Prefix.pch */,
			);
			name = "Supporting Files";
			sourceTree = "<group>";
		};
		1CBE397C158A61BE006EAFB8 /* ProgrammerPointsTests */ = {
			isa = PBXGroup;
			children = (
				1CBE3982158A61BE006EAFB8 /* ProgrammerPointsTests.h */,
				1CBE3983158A61BE006EAFB8 /* ProgrammerPointsTests.m */,
				1CBE397D158A61BE006EAFB8 /* Supporting Files */,
			);
			path = ProgrammerPointsTests;
			sourceTree = "<group>";
		};
		1CBE397D158A61BE006EAFB8 /* Supporting Files */ = {
			isa = PBXGroup;
			children = (
				1CBE397E158A61BE006EAFB8 /* ProgrammerPointsTests-Info.plist */,
				1CBE397F158A61BE006EAFB8 /* InfoPlist.strings */,
			);
			name = "Supporting Files";
			sourceTree = "<group>";
		};
		1CBE3998158A6E1B006EAFB8 /* Entities */ = {
			isa = PBXGroup;
			children = (
				1CBE39AF158A78AC006EAFB8 /* PPPoint.h */,
				1CBE39B0158A78AC006EAFB8 /* PPPoint.m */,
				1CBE39AC158A78A1006EAFB8 /* PPCollection.h */,
				1CBE39AD158A78A1006EAFB8 /* PPCollection.m */,
				1CBE39B2158A78D0006EAFB8 /* PPIdiot.h */,
				1CBE39B3158A78D0006EAFB8 /* PPIdiot.m */,
			);
			name = Entities;
			sourceTree = "<group>";
		};
		1CBE399B158A73CB006EAFB8 /* Abstract */ = {
			isa = PBXGroup;
			children = (
				1CBE39B5158A79B7006EAFB8 /* PPRequesting.h */,
				EF25BCB1158BB3960037E886 /* PPReceiving.h */,
			);
			name = Abstract;
			sourceTree = "<group>";
		};
		1CBE399C158A73E2006EAFB8 /* Concrete */ = {
			isa = PBXGroup;
			children = (
				1CBE39A9158A7868006EAFB8 /* PPService.h */,
				1CBE39AA158A7868006EAFB8 /* PPService.m */,
			);
			name = Concrete;
			sourceTree = "<group>";
		};
		1CC415F7158B83FB00ED1A93 /* Images */ = {
			isa = PBXGroup;
			children = (
				1CC415F8158B83FB00ED1A93 /* bg.png */,
				1CC415F9158B83FB00ED1A93 /* dot.png */,
				1CC415FA158B83FB00ED1A93 /* leaderboard.png */,
				1CC415FB158B83FB00ED1A93 /* less.png */,
				1CC415FC158B83FB00ED1A93 /* more.png */,
				1CC415FD158B83FB00ED1A93 /* tri.png */,
			);
			path = Images;
			sourceTree = "<group>";
		};
		1CC41605158B865000ED1A93 /* Fonts */ = {
			isa = PBXGroup;
			children = (
				1CC41606158B865000ED1A93 /* Gotham-Bold.otf */,
				1CC41607158B865000ED1A93 /* Gotham-Medium.otf */,
			);
			path = Fonts;
			sourceTree = "<group>";
		};
/* End PBXGroup section */

/* Begin PBXNativeTarget section */
		1CBE3959158A61BE006EAFB8 /* ProgrammerPoints */ = {
			isa = PBXNativeTarget;
			buildConfigurationList = 1CBE3987158A61BE006EAFB8 /* Build configuration list for PBXNativeTarget "ProgrammerPoints" */;
			buildPhases = (
				1CBE3956158A61BE006EAFB8 /* Sources */,
				1CBE3957158A61BE006EAFB8 /* Frameworks */,
				1CBE3958158A61BE006EAFB8 /* Resources */,
			);
			buildRules = (
			);
			dependencies = (
			);
			name = ProgrammerPoints;
			productName = ProgrammerPoints;
			productReference = 1CBE395A158A61BE006EAFB8 /* ProgrammerPoints.app */;
			productType = "com.apple.product-type.application";
		};
		1CBE3974158A61BE006EAFB8 /* ProgrammerPointsTests */ = {
			isa = PBXNativeTarget;
			buildConfigurationList = 1CBE398A158A61BE006EAFB8 /* Build configuration list for PBXNativeTarget "ProgrammerPointsTests" */;
			buildPhases = (
				1CBE3970158A61BE006EAFB8 /* Sources */,
				1CBE3971158A61BE006EAFB8 /* Frameworks */,
				1CBE3972158A61BE006EAFB8 /* Resources */,
				1CBE3973158A61BE006EAFB8 /* ShellScript */,
			);
			buildRules = (
			);
			dependencies = (
				1CBE397B158A61BE006EAFB8 /* PBXTargetDependency */,
			);
			name = ProgrammerPointsTests;
			productName = ProgrammerPointsTests;
			productReference = 1CBE3975158A61BE006EAFB8 /* ProgrammerPointsTests.octest */;
			productType = "com.apple.product-type.bundle";
		};
/* End PBXNativeTarget section */

/* Begin PBXProject section */
		1CBE3951158A61BE006EAFB8 /* Project object */ = {
			isa = PBXProject;
			attributes = {
				LastUpgradeCheck = 0430;
			};
			buildConfigurationList = 1CBE3954158A61BE006EAFB8 /* Build configuration list for PBXProject "ProgrammerPoints" */;
			compatibilityVersion = "Xcode 3.2";
			developmentRegion = English;
			hasScannedForEncodings = 0;
			knownRegions = (
				en,
			);
			mainGroup = 1CBE394F158A61BE006EAFB8;
			productRefGroup = 1CBE395B158A61BE006EAFB8 /* Products */;
			projectDirPath = "";
			projectRoot = "";
			targets = (
				1CBE3959158A61BE006EAFB8 /* ProgrammerPoints */,
				1CBE3974158A61BE006EAFB8 /* ProgrammerPointsTests */,
			);
		};
/* End PBXProject section */

/* Begin PBXResourcesBuildPhase section */
		1CBE3958158A61BE006EAFB8 /* Resources */ = {
			isa = PBXResourcesBuildPhase;
			buildActionMask = 2147483647;
			files = (
				1CBE3969158A61BE006EAFB8 /* InfoPlist.strings in Resources */,
				1CBE3992158A66CE006EAFB8 /* MainStoryboard.storyboard in Resources */,
				1CC415FE158B83FB00ED1A93 /* bg.png in Resources */,
				1CC415FF158B83FB00ED1A93 /* dot.png in Resources */,
				1CC41600158B83FB00ED1A93 /* leaderboard.png in Resources */,
				1CC41601158B83FB00ED1A93 /* less.png in Resources */,
				1CC41602158B83FB00ED1A93 /* more.png in Resources */,
				1CC41603158B83FB00ED1A93 /* tri.png in Resources */,
				1CC41608158B865000ED1A93 /* Gotham-Bold.otf in Resources */,
				1CC41609158B865000ED1A93 /* Gotham-Medium.otf in Resources */,
			);
			runOnlyForDeploymentPostprocessing = 0;
		};
		1CBE3972158A61BE006EAFB8 /* Resources */ = {
			isa = PBXResourcesBuildPhase;
			buildActionMask = 2147483647;
			files = (
				1CBE3981158A61BE006EAFB8 /* InfoPlist.strings in Resources */,
			);
			runOnlyForDeploymentPostprocessing = 0;
		};
/* End PBXResourcesBuildPhase section */

/* Begin PBXShellScriptBuildPhase section */
		1CBE3973158A61BE006EAFB8 /* ShellScript */ = {
			isa = PBXShellScriptBuildPhase;
			buildActionMask = 2147483647;
			files = (
			);
			inputPaths = (
			);
			outputPaths = (
			);
			runOnlyForDeploymentPostprocessing = 0;
			shellPath = /bin/sh;
			shellScript = "# Run the unit tests in this test bundle.\n\"${SYSTEM_DEVELOPER_DIR}/Tools/RunUnitTests\"\n";
		};
/* End PBXShellScriptBuildPhase section */

/* Begin PBXSourcesBuildPhase section */
		1CBE3956158A61BE006EAFB8 /* Sources */ = {
			isa = PBXSourcesBuildPhase;
			buildActionMask = 2147483647;
			files = (
				1CBE396B158A61BE006EAFB8 /* main.m in Sources */,
				1CBE396F158A61BE006EAFB8 /* AppDelegate.m in Sources */,
				1CBE39AB158A7868006EAFB8 /* PPService.m in Sources */,
				1CBE39AE158A78A1006EAFB8 /* PPCollection.m in Sources */,
				1CBE39B1158A78AC006EAFB8 /* PPPoint.m in Sources */,
				1CBE39B4158A78D0006EAFB8 /* PPIdiot.m in Sources */,
			);
			runOnlyForDeploymentPostprocessing = 0;
		};
		1CBE3970158A61BE006EAFB8 /* Sources */ = {
			isa = PBXSourcesBuildPhase;
			buildActionMask = 2147483647;
			files = (
				1CBE3984158A61BE006EAFB8 /* ProgrammerPointsTests.m in Sources */,
			);
			runOnlyForDeploymentPostprocessing = 0;
		};
/* End PBXSourcesBuildPhase section */

/* Begin PBXTargetDependency section */
		1CBE397B158A61BE006EAFB8 /* PBXTargetDependency */ = {
			isa = PBXTargetDependency;
			target = 1CBE3959158A61BE006EAFB8 /* ProgrammerPoints */;
			targetProxy = 1CBE397A158A61BE006EAFB8 /* PBXContainerItemProxy */;
		};
/* End PBXTargetDependency section */

/* Begin PBXVariantGroup section */
		1CBE3967158A61BE006EAFB8 /* InfoPlist.strings */ = {
			isa = PBXVariantGroup;
			children = (
				1CBE3968158A61BE006EAFB8 /* en */,
			);
			name = InfoPlist.strings;
			sourceTree = "<group>";
		};
		1CBE397F158A61BE006EAFB8 /* InfoPlist.strings */ = {
			isa = PBXVariantGroup;
			children = (
				1CBE3980158A61BE006EAFB8 /* en */,
			);
			name = InfoPlist.strings;
			sourceTree = "<group>";
		};
/* End PBXVariantGroup section */

/* Begin XCBuildConfiguration section */
		1CBE3985158A61BE006EAFB8 /* Debug */ = {
			isa = XCBuildConfiguration;
			buildSettings = {
				ALWAYS_SEARCH_USER_PATHS = NO;
				ARCHS = "$(ARCHS_STANDARD_32_BIT)";
				CLANG_ENABLE_OBJC_ARC = YES;
				"CODE_SIGN_IDENTITY[sdk=iphoneos*]" = "iPhone Developer";
				COPY_PHASE_STRIP = NO;
				GCC_C_LANGUAGE_STANDARD = gnu99;
				GCC_DYNAMIC_NO_PIC = NO;
				GCC_OPTIMIZATION_LEVEL = 0;
				GCC_PREPROCESSOR_DEFINITIONS = (
					"DEBUG=1",
					"$(inherited)",
				);
				GCC_SYMBOLS_PRIVATE_EXTERN = NO;
				GCC_VERSION = com.apple.compilers.llvm.clang.1_0;
				GCC_WARN_ABOUT_RETURN_TYPE = YES;
				GCC_WARN_UNINITIALIZED_AUTOS = YES;
				GCC_WARN_UNUSED_VARIABLE = YES;
				IPHONEOS_DEPLOYMENT_TARGET = 5.1;
				SDKROOT = iphoneos;
			};
			name = Debug;
		};
		1CBE3986158A61BE006EAFB8 /* Release */ = {
			isa = XCBuildConfiguration;
			buildSettings = {
				ALWAYS_SEARCH_USER_PATHS = NO;
				ARCHS = "$(ARCHS_STANDARD_32_BIT)";
				CLANG_ENABLE_OBJC_ARC = YES;
				"CODE_SIGN_IDENTITY[sdk=iphoneos*]" = "iPhone Developer";
				COPY_PHASE_STRIP = YES;
				GCC_C_LANGUAGE_STANDARD = gnu99;
				GCC_VERSION = com.apple.compilers.llvm.clang.1_0;
				GCC_WARN_ABOUT_RETURN_TYPE = YES;
				GCC_WARN_UNINITIALIZED_AUTOS = YES;
				GCC_WARN_UNUSED_VARIABLE = YES;
				IPHONEOS_DEPLOYMENT_TARGET = 5.1;
				OTHER_CFLAGS = "-DNS_BLOCK_ASSERTIONS=1";
				SDKROOT = iphoneos;
				VALIDATE_PRODUCT = YES;
			};
			name = Release;
		};
		1CBE3988158A61BE006EAFB8 /* Debug */ = {
			isa = XCBuildConfiguration;
			buildSettings = {
				GCC_PRECOMPILE_PREFIX_HEADER = YES;
				GCC_PREFIX_HEADER = "ProgrammerPoints/ProgrammerPoints-Prefix.pch";
				INFOPLIST_FILE = "ProgrammerPoints/ProgrammerPoints-Info.plist";
				PRODUCT_NAME = "$(TARGET_NAME)";
				WRAPPER_EXTENSION = app;
			};
			name = Debug;
		};
		1CBE3989158A61BE006EAFB8 /* Release */ = {
			isa = XCBuildConfiguration;
			buildSettings = {
				GCC_PRECOMPILE_PREFIX_HEADER = YES;
				GCC_PREFIX_HEADER = "ProgrammerPoints/ProgrammerPoints-Prefix.pch";
				INFOPLIST_FILE = "ProgrammerPoints/ProgrammerPoints-Info.plist";
				PRODUCT_NAME = "$(TARGET_NAME)";
				WRAPPER_EXTENSION = app;
			};
			name = Release;
		};
		1CBE398B158A61BE006EAFB8 /* Debug */ = {
			isa = XCBuildConfiguration;
			buildSettings = {
				BUNDLE_LOADER = "$(BUILT_PRODUCTS_DIR)/ProgrammerPoints.app/ProgrammerPoints";
				FRAMEWORK_SEARCH_PATHS = (
					"$(SDKROOT)/Developer/Library/Frameworks",
					"$(DEVELOPER_LIBRARY_DIR)/Frameworks",
				);
				GCC_PRECOMPILE_PREFIX_HEADER = YES;
				GCC_PREFIX_HEADER = "ProgrammerPoints/ProgrammerPoints-Prefix.pch";
				INFOPLIST_FILE = "ProgrammerPointsTests/ProgrammerPointsTests-Info.plist";
				PRODUCT_NAME = "$(TARGET_NAME)";
				TEST_HOST = "$(BUNDLE_LOADER)";
				WRAPPER_EXTENSION = octest;
			};
			name = Debug;
		};
		1CBE398C158A61BE006EAFB8 /* Release */ = {
			isa = XCBuildConfiguration;
			buildSettings = {
				BUNDLE_LOADER = "$(BUILT_PRODUCTS_DIR)/ProgrammerPoints.app/ProgrammerPoints";
				FRAMEWORK_SEARCH_PATHS = (
					"$(SDKROOT)/Developer/Library/Frameworks",
					"$(DEVELOPER_LIBRARY_DIR)/Frameworks",
				);
				GCC_PRECOMPILE_PREFIX_HEADER = YES;
				GCC_PREFIX_HEADER = "ProgrammerPoints/ProgrammerPoints-Prefix.pch";
				INFOPLIST_FILE = "ProgrammerPointsTests/ProgrammerPointsTests-Info.plist";
				PRODUCT_NAME = "$(TARGET_NAME)";
				TEST_HOST = "$(BUNDLE_LOADER)";
				WRAPPER_EXTENSION = octest;
			};
			name = Release;
		};
/* End XCBuildConfiguration section */

/* Begin XCConfigurationList section */
		1CBE3954158A61BE006EAFB8 /* Build configuration list for PBXProject "ProgrammerPoints" */ = {
			isa = XCConfigurationList;
			buildConfigurations = (
				1CBE3985158A61BE006EAFB8 /* Debug */,
				1CBE3986158A61BE006EAFB8 /* Release */,
			);
			defaultConfigurationIsVisible = 0;
			defaultConfigurationName = Release;
		};
		1CBE3987158A61BE006EAFB8 /* Build configuration list for PBXNativeTarget "ProgrammerPoints" */ = {
			isa = XCConfigurationList;
			buildConfigurations = (
				1CBE3988158A61BE006EAFB8 /* Debug */,
				1CBE3989158A61BE006EAFB8 /* Release */,
			);
			defaultConfigurationIsVisible = 0;
			defaultConfigurationName = Release;
		};
		1CBE398A158A61BE006EAFB8 /* Build configuration list for PBXNativeTarget "ProgrammerPointsTests" */ = {
			isa = XCConfigurationList;
			buildConfigurations = (
				1CBE398B158A61BE006EAFB8 /* Debug */,
				1CBE398C158A61BE006EAFB8 /* Release */,
			);
			defaultConfigurationIsVisible = 0;
			defaultConfigurationName = Release;
		};
/* End XCConfigurationList section */
	};
	rootObject = 1CBE3951158A61BE006EAFB8 /* Project object */;
}
